{
  "name": "Cluj1",
  "lockfileVersion": 3,
  "requires": true,
  "packages": {
    "": {
      "dependencies": {
        "@ngx-translate/core": "^18.0.0",
        "@zxing/browser": "^0.2.1",
        "@zxing/library": "^0.23.0",
        "@zxing/ngx-scanner": "^22.0.1",
        "dompurify": "^3.4.14"
      },
      "devDependencies": {
        "@types/dompurify": "^3.0.5"
      }
    },
    "node_modules/@angular/common": {
      "version": "22.1.2",
      "resolved": "https://registry.npmjs.org/@angular/common/-/common-22.1.2.tgz",
      "integrity": "sha512-8TzyYPBDvSItV8Vqq8k5u8a9fWaomC9bMEr8z1vVLRZDIPhNQ/UcCyuTYbC7GZkeqrrKGu5m8tjUrA09RCwuaQ==",
      "license": "MIT",
      "peer": true,
      "dependencies": {
        "tslib": "^2.3.0"
      },
      "engines": {
        "node": "^22.22.3 || ^24.15.0 || >=26.0.0"
      },
      "peerDependencies": {
        "@angular/core": "22.1.2",
        "rxjs": "^6.5.3 || ^7.4.0"
      }
    },
    "node_modules/@angular/core": {
      "version": "22.1.2",
      "resolved": "https://registry.npmjs.org/@angular/core/-/core-22.1.2.tgz",
      "integrity": "sha512-t7BrgfdeqbdSbFe3CsGX8ySMeKDlZNBPxFMCOanAAqd6W0H1Kh1WFILBs3DIg0NfjpybfSRJAzKcagOFQWNtiw==",
      "license": "MIT",
      "peer": true,
      "dependencies": {
        "tslib": "^2.3.0"
      },
      "engines": {
        "node": "^22.22.3 || ^24.15.0 || >=26.0.0"
      },
      "peerDependencies": {
        "@angular/compiler": "22.1.2",
        "rxjs": "^6.5.3 || ^7.4.0",
        "zone.js": "~0.15.0 || ~0.16.0"
      },
      "peerDependenciesMeta": {
        "@angular/compiler": {
          "optional": true
        },
        "zone.js": {
          "optional": true
        }
      }
    },
    "node_modules/@angular/forms": {
      "version": "22.1.2",
      "resolved": "https://registry.npmjs.org/@angular/forms/-/forms-22.1.2.tgz",
      "integrity": "sha512-pKDYSNKje/jox74KzswBdX4sL7kJ8OFkJwLnqng8oc7a/NVl/Vf4/Xq4kyowRAdtPcZfLTUnZG6s0qbegfV5mg==",
      "license": "MIT",
      "peer": true,
      "dependencies": {
        "@standard-schema/spec": "^1.0.0",
        "tslib": "^2.3.0",
        "zod": "^4.0.10"
      },
      "engines": {
        "node": "^22.22.3 || ^24.15.0 || >=26.0.0"
      },
      "peerDependencies": {
        "@angular/common": "22.1.2",
        "@angular/core": "22.1.2",
        "@angular/platform-browser": "22.1.2",
        "rxjs": "^6.5.3 || ^7.4.0"
      }
    },
    "node_modules/@angular/platform-browser": {
      "version": "22.1.2",
      "resolved": "https://registry.npmjs.org/@angular/platform-browser/-/platform-browser-22.1.2.tgz",
      "integrity": "sha512-MQO735ve/tk4gLsWbw8NyBD/DxPfbbmf1pM/vp6K7tZz2xyysMXilqF/k8PBdQBZVOofST8S13inZHQ35nHuRA==",
      "license": "MIT",
      "peer": true,
      "dependencies": {
        "tslib": "^2.3.0"
      },
      "engines": {
        "node": "^22.22.3 || ^24.15.0 || >=26.0.0"
      },
      "peerDependencies": {
        "@angular/animations": "22.1.2",
        "@angular/common": "22.1.2",
        "@angular/core": "22.1.2"
      },
      "peerDependenciesMeta": {
        "@angular/animations": {
          "optional": true
        }
      }
    },
    "node_modules/@ngx-translate/core": {
      "version": "18.0.0",
      "resolved": "https://registry.npmjs.org/@ngx-translate/core/-/core-18.0.0.tgz",
      "integrity": "sha512-Z9u9AXaeuyeHHimivvJQvhal/LJNB+5tlH+FimSU4QQ61FrtRDqgyn6nfFbc6Cb+59NDZdsh4QeTJyPCldFUwA==",
      "license": "MIT",
      "dependencies": {
        "tslib": "^2.3.0"
      },
      "peerDependencies": {
        "@angular/common": ">=18",
        "@angular/core": ">=18",
        "rxjs": ">=7"
      }
    },
    "node_modules/@standard-schema/spec": {
      "version": "1.1.0",
      "resolved": "https://registry.npmjs.org/@standard-schema/spec/-/spec-1.1.0.tgz",
      "integrity": "sha512-l2aFy5jALhniG5HgqrD6jXLi/rUWrKvqN/qJx6yoJsgKhblVd+iqqU4RCXavm/jPityDo5TCvKMnpjKnOriy0w==",
      "license": "MIT",
      "peer": true
    },
    "node_modules/@types/dompurify": {
      "version": "3.0.5",
      "resolved": "https://registry.npmjs.org/@types/dompurify/-/dompurify-3.0.5.tgz",
      "integrity": "sha512-1Wg0g3BtQF7sSb27fJQAKck1HECM6zV1EB66j8JH9i3LCjYabJa0FSdiSgsD5K/RbrsR0SiraKacLB+T8ZVYAg==",
      "dev": true,
      "license": "MIT",
      "dependencies": {
        "@types/trusted-types": "*"
      }
    },
    "node_modules/@types/trusted-types": {
      "version": "2.0.7",
      "resolved": "https://registry.npmjs.org/@types/trusted-types/-/trusted-types-2.0.7.tgz",
      "integrity": "sha512-ScaPdn1dQczgbl0QFTeTOmVHFULt394XJgOQNoyVhZ6r2vLnMLJfBPd53SB52T/3G36VI1/g2MZaX0cwDuXsfw==",
      "devOptional": true,
      "license": "MIT"
    },
    "node_modules/@zxing/browser": {
      "version": "0.2.1",
      "resolved": "https://registry.npmjs.org/@zxing/browser/-/browser-0.2.1.tgz",
      "integrity": "sha512-92pVfVDUXbc15xu9vIEmhNyqIEASMEkDF92CwT6T+7sg2EHXJRktH9CQKoQSXe51UtbNsj+Fm09H/JBWHMs/Sw==",
      "license": "MIT",
      "optionalDependencies": {
        "@zxing/text-encoding": "^0.9.0"
      },
      "peerDependencies": {
        "@zxing/library": "^0.23.0"
      }
    },
    "node_modules/@zxing/library": {
      "version": "0.23.0",
      "resolved": "https://registry.npmjs.org/@zxing/library/-/library-0.23.0.tgz",
      "integrity": "sha512-6fkkoFwP8CHxl6ugnPsj74PLJgX2iRv5zczGAyt5OBzQgxFhuhF0NCEc4t4OvSr8xAv2MRLlI0Iu9ZGDZQ2urA==",
      "license": "Apache-2.0",
      "dependencies": {
        "ts-custom-error": "^3.3.1"
      },
      "engines": {
        "node": ">= 24.0.0"
      },
      "optionalDependencies": {
        "@zxing/text-encoding": "~0.9.0"
      }
    },
    "node_modules/@zxing/ngx-scanner": {
      "version": "22.0.1",
      "resolved": "https://registry.npmjs.org/@zxing/ngx-scanner/-/ngx-scanner-22.0.1.tgz",
      "integrity": "sha512-ue2RNdaCDU5U6lBgEhdK98pMVpSyrIk+Yi8zIb19p0/SlGoYJndo4wN5355I7+R2X/R50QodS73mwBv3j9AXJw==",
      "license": "MIT",
      "dependencies": {
        "tslib": "^2.3.0"
      },
      "peerDependencies": {
        "@angular/common": "^22.0.0",
        "@angular/core": "^22.0.0",
        "@angular/forms": "^22.0.0",
        "@zxing/browser": "^0.2.0",
        "@zxing/library": "^0.23.0",
        "rxjs": "^6.5.3 || ^7.4.0",
        "typescript": "^6.0.0"
      }
    },
    "node_modules/@zxing/text-encoding": {
      "version": "0.9.0",
      "resolved": "https://registry.npmjs.org/@zxing/text-encoding/-/text-encoding-0.9.0.tgz",
      "integrity": "sha512-U/4aVJ2mxI0aDNI8Uq0wEhMgY+u4CNtEb0om3+y3+niDAsoTCOB33UF0sxpzqzdqXLqmvc+vZyAt4O8pPdfkwA==",
      "license": "(Unlicense OR Apache-2.0)",
      "optional": true
    },
    "node_modules/dompurify": {
      "version": "3.4.14",
      "resolved": "https://registry.npmjs.org/dompurify/-/dompurify-3.4.14.tgz",
      "integrity": "sha512-dVoH9z+MY+C9IilgGCk3YfFqjLi3fChm2OiKJMzh6axrJ5qwxqWaZamgmHrpv22CN/KdbZJuGEGgfQoL00LTdg==",
      "license": "(MPL-2.0 OR Apache-2.0)",
      "optionalDependencies": {
        "@types/trusted-types": "^2.0.7"
      }
    },
    "node_modules/rxjs": {
      "version": "7.8.2",
      "resolved": "https://registry.npmjs.org/rxjs/-/rxjs-7.8.2.tgz",
      "integrity": "sha512-dhKf903U/PQZY6boNNtAGdWbG85WAbjT/1xYoZIC7FAY0yWapOBQVsVrDl58W86//e1VpMNBtRV4MaXfdMySFA==",
      "license": "Apache-2.0",
      "peer": true,
      "dependencies": {
        "tslib": "^2.1.0"
      }
    },
    "node_modules/ts-custom-error": {
      "version": "3.3.1",
      "resolved": "https://registry.npmjs.org/ts-custom-error/-/ts-custom-error-3.3.1.tgz",
      "integrity": "sha512-5OX1tzOjxWEgsr/YEUWSuPrQ00deKLh6D7OTWcvNHm12/7QPyRh8SYpyWvA4IZv8H/+GQWQEh/kwo95Q9OVW1A==",
      "license": "MIT",
      "engines": {
        "node": ">=14.0.0"
      }
    },
    "node_modules/tslib": {
      "version": "2.8.1",
      "resolved": "https://registry.npmjs.org/tslib/-/tslib-2.8.1.tgz",
      "integrity": "sha512-oJFu94HQb+KVduSUQL7wnpmqnfmLsOA/nAh6b6EH0wCEoK0/mPeXU6c3wKDV83MkOuHPRHtSXKKU99IBazS/2w==",
      "license": "0BSD"
    },
    "node_modules/typescript": {
      "version": "6.0.3",
      "resolved": "https://registry.npmjs.org/typescript/-/typescript-6.0.3.tgz",
      "integrity": "sha512-y2TvuxSZPDyQakkFRPZHKFm+KKVqIisdg9/CZwm9ftvKXLP8NRWj38/ODjNbr43SsoXqNuAisEf1GdCxqWcdBw==",
      "license": "Apache-2.0",
      "peer": true,
      "bin": {
        "tsc": "bin/tsc",
        "tsserver": "bin/tsserver"
      },
      "engines": {
        "node": ">=14.17"
      }
    },
    "node_modules/zod": {
      "version": "4.4.3",
      "resolved": "https://registry.npmjs.org/zod/-/zod-4.4.3.tgz",
      "integrity": "sha512-ytENFjIJFl2UwYglde2jchW2Hwm4GJFLDiSXWdTrJQBIN9Fcyp7n4DhxJEiWNAJMV1/BqWfW/kkg71UDcHJyTQ==",
      "license": "MIT",
      "peer": true,
      "funding": {
        "url": "https://github.com/sponsors/colinhacks"
      }
    }
  }
}
